github.com/imgk/divert-go v0.0.0-20220205193416-faaa83c2c10a h1:wkU8llyuZtm80Ak6f7/QAmCq/LSwF8IOzMCRRGhb3Fk=
github.com/imgk/divert-go v0.0.0-20220205193416-faaa83c2c10a/go.mod h1:8j670dnMAWuHP3AHj7Zd8b4HhGw4mdTo8aYhCWNsAeU=
golang.org/x/sys v0.20.0 h1:Od9JTbYCk261bKm4M/mw7AklTlFYIa0bIp9BgSm1S8Y=
golang.org/x/sys v0.20.0/go.mod h1:/VUhepiaJMQUp4+oa/7Zr1D23ma6VTLIYjOOTFZPUcA=
